<?xml version="1.0" encoding="UTF-8" standalone="yes" ?>
<CodeBlocks_project_file>
	<FileVersion major="1" minor="6" />
	<Project>
		<Option title="KraterosEngine" />
		<Option pch_mode="2" />
		<Option compiler="gcc" />
		<Build>
			<Target title="Debug">
				<Option output="../../bin/KraterosEngine-d" imp_lib="../../lib/$(TARGET_OUTPUT_BASENAME).a" def_file="../../lib/$(TARGET_OUTPUT_BASENAME).def" prefix_auto="1" extension_auto="1" />
				<Option object_output="obj/Debug/" />
				<Option type="3" />
				<Option compiler="gcc" />
				<Option createDefFile="1" />
				<Option createStaticLib="1" />
				<Compiler>
					<Add option="-g" />
					<Add option="-DKRATEROS_ENGINE_DEBUG" />
				</Compiler>
			</Target>
			<Target title="Release">
				<Option output="../../bin/KraterosEngine" imp_lib="../../lib/$(TARGET_OUTPUT_BASENAME).a" def_file="../../lib/$(TARGET_OUTPUT_BASENAME).def" prefix_auto="1" extension_auto="1" />
				<Option object_output="obj/Release/" />
				<Option type="3" />
				<Option compiler="gcc" />
				<Option createDefFile="1" />
				<Option createStaticLib="1" />
				<Compiler>
					<Add option="-O2" />
					<Add option="-DKRATEROS_ENGINE" />
				</Compiler>
				<Linker>
					<Add option="-s" />
				</Linker>
			</Target>
		</Build>
		<Compiler>
			<Add option="-Wall" />
		</Compiler>
		<Linker>
			<Add library="mingw32" />
			<Add library="SDL2_image" />
			<Add library="SDL2_ttf" />
			<Add library="SDL2_mixer" />
			<Add library="SDL2main" />
			<Add library="SDL2" />
		</Linker>
		<Unit filename="../../src/KE/Audio.h" />
		<Unit filename="../../src/KE/Circle.cpp" />
		<Unit filename="../../src/KE/Circle.h" />
		<Unit filename="../../src/KE/Collection.h" />
		<Unit filename="../../src/KE/Color.cpp" />
		<Unit filename="../../src/KE/Color.h" />
		<Unit filename="../../src/KE/Console.cpp" />
		<Unit filename="../../src/KE/Console.h" />
		<Unit filename="../../src/KE/Cursor.cpp" />
		<Unit filename="../../src/KE/Cursor.h" />
		<Unit filename="../../src/KE/Font.cpp" />
		<Unit filename="../../src/KE/Font.h" />
		<Unit filename="../../src/KE/Game.cpp" />
		<Unit filename="../../src/KE/Game.h" />
		<Unit filename="../../src/KE/Geometry.cpp" />
		<Unit filename="../../src/KE/Geometry.h" />
		<Unit filename="../../src/KE/Input.h" />
		<Unit filename="../../src/KE/KE.h" />
		<Unit filename="../../src/KE/Keyboard.h" />
		<Unit filename="../../src/KE/Library.cpp" />
		<Unit filename="../../src/KE/Library.h" />
		<Unit filename="../../src/KE/Line.cpp" />
		<Unit filename="../../src/KE/Line.h" />
		<Unit filename="../../src/KE/Music.cpp" />
		<Unit filename="../../src/KE/Music.h" />
		<Unit filename="../../src/KE/Object.cpp" />
		<Unit filename="../../src/KE/Object.h" />
		<Unit filename="../../src/KE/Point.cpp" />
		<Unit filename="../../src/KE/Point.h" />
		<Unit filename="../../src/KE/Rect.cpp" />
		<Unit filename="../../src/KE/Rect.h" />
		<Unit filename="../../src/KE/Renderer.cpp" />
		<Unit filename="../../src/KE/Renderer.h" />
		<Unit filename="../../src/KE/Scene.cpp" />
		<Unit filename="../../src/KE/Scene.h" />
		<Unit filename="../../src/KE/Sound.cpp" />
		<Unit filename="../../src/KE/Sound.h" />
		<Unit filename="../../src/KE/Sprite.cpp" />
		<Unit filename="../../src/KE/Sprite.h" />
		<Unit filename="../../src/KE/Surface.cpp" />
		<Unit filename="../../src/KE/Surface.h" />
		<Unit filename="../../src/KE/Texture.cpp" />
		<Unit filename="../../src/KE/Texture.h" />
		<Unit filename="../../src/KE/Tools.cpp" />
		<Unit filename="../../src/KE/Tools.h" />
		<Unit filename="../../src/KE/Video.h" />
		<Unit filename="../../src/KE/Window.cpp" />
		<Unit filename="../../src/KE/Window.h" />
		<Unit filename="../../src/KE/tinydir.h" />
		<Unit filename="../../src/KE/tinyxml2.cpp" />
		<Unit filename="../../src/KE/tinyxml2.h" />
		<Extensions>
			<code_completion />
			<envvars />
			<debugger />
		</Extensions>
	</Project>
</CodeBlocks_project_file>
